Microsoft Visual Studio Solution File, Format Version 8.00
Project("{8BC9CEB8-8B4A-11D0-8D11-00A0C91BC942}") = "DVRFlash", "DVRFlash.vcproj", "{216881B6-E0C3-4428-A685-5A7807ABE252}"
	ProjectSection(ProjectDependencies) = postProject
	EndProjectSection
EndProject
Global
	GlobalSection(SolutionConfiguration) = preSolution
		Debug = Debug
		Release = Release
	EndGlobalSection
	GlobalSection(ProjectConfiguration) = postSolution
		{216881B6-E0C3-4428-A685-5A7807ABE252}.Debug.ActiveCfg = Release|Win32
		{216881B6-E0C3-4428-A685-5A7807ABE252}.Debug.Build.0 = Release|Win32
		{216881B6-E0C3-4428-A685-5A7807ABE252}.Release.ActiveCfg = Release|Win32
		{216881B6-E0C3-4428-A685-5A7807ABE252}.Release.Build.0 = Release|Win32
	EndGlobalSection
	GlobalSection(ExtensibilityGlobals) = postSolution
	EndGlobalSection
	GlobalSection(ExtensibilityAddIns) = postSolution
	EndGlobalSection
EndGlobal
